// !$*UTF8*$!
{
	archiveVersion = 1;
	classes = {
	};
	objectVersion = 50;
	objects = {

/* Begin PBXBuildFile section */
		13692FA124B4C38800AAF1FD /* AppDelegate.swift in Sources */ = {isa = PBXBuildFile; fileRef = 13692FA024B4C38800AAF1FD /* AppDelegate.swift */; };
		13692FA324B4C38800AAF1FD /* SceneDelegate.swift in Sources */ = {isa = PBXBuildFile; fileRef = 13692FA224B4C38800AAF1FD /* SceneDelegate.swift */; };
		13692FA524B4C38800AAF1FD /* ViewController.swift in Sources */ = {isa = PBXBuildFile; fileRef = 13692FA424B4C38800AAF1FD /* ViewController.swift */; };
		13692FA824B4C38800AAF1FD /* Main.storyboard in Resources */ = {isa = PBXBuildFile; fileRef = 13692FA624B4C38800AAF1FD /* Main.storyboard */; };
		13692FAA24B4C38900AAF1FD /* Assets.xcassets in Resources */ = {isa = PBXBuildFile; fileRef = 13692FA924B4C38900AAF1FD /* Assets.xcassets */; };
		13692FAD24B4C38900AAF1FD /* LaunchScreen.storyboard in Resources */ = {isa = PBXBuildFile; fileRef = 13692FAB24B4C38900AAF1FD /* LaunchScreen.storyboard */; };
/* End PBXBuildFile section */

/* Begin PBXFileReference section */
		13692F9D24B4C38800AAF1FD /* l4 War Card Game.app */ = {isa = PBXFileReference; explicitFileType = wrapper.application; includeInIndex = 0; path = "l4 War Card Game.app"; sourceTree = BUILT_PRODUCTS_DIR; };
		13692FA024B4C38800AAF1FD /* AppDelegate.swift */ = {isa = PBXFileReference; lastKnownFileType = sourcecode.swift; path = AppDelegate.swift; sourceTree = "<group>"; };
		13692FA224B4C38800AAF1FD /* SceneDelegate.swift */ = {isa = PBXFileReference; lastKnownFileType = sourcecode.swift; path = SceneDelegate.swift; sourceTree = "<group>"; };
		13692FA424B4C38800AAF1FD /* ViewController.swift */ = {isa = PBXFileReference; lastKnownFileType = sourcecode.swift; path = ViewController.swift; sourceTree = "<group>"; };
		13692FA724B4C38800AAF1FD /* Base */ = {isa = PBXFileReference; lastKnownFileType = file.storyboard; name = Base; path = Base.lproj/Main.storyboard; sourceTree = "<group>"; };
		13692FA924B4C38900AAF1FD /* Assets.xcassets */ = {isa = PBXFileReference; lastKnownFileType = folder.assetcatalog; path = Assets.xcassets; sourceTree = "<group>"; };
		13692FAC24B4C38900AAF1FD /* Base */ = {isa = PBXFileReference; lastKnownFileType = file.storyboard; name = Base; path = Base.lproj/LaunchScreen.storyboard; sourceTree = "<group>"; };
		13692FAE24B4C38900AAF1FD /* Info.plist */ = {isa = PBXFileReference; lastKnownFileType = text.plist.xml; path = Info.plist; sourceTree = "<group>"; };
/* End PBXFileReference section */

/* Begin PBXFrameworksBuildPhase section */
		13692F9A24B4C38800AAF1FD /* Frameworks */ = {
			isa = PBXFrameworksBuildPhase;
			buildActionMask = 2147483647;
			files = (
			);
			runOnlyForDeploymentPostprocessing = 0;
		};
/* End PBXFrameworksBuildPhase section */

/* Begin PBXGroup section */
		13692F9424B4C38800AAF1FD = {
			isa = PBXGroup;
			children = (
				13692F9F24B4C38800AAF1FD /* l4 War Card Game */,
				13692F9E24B4C38800AAF1FD /* Products */,
			);
			sourceTree = "<group>";
		};
		13692F9E24B4C38800AAF1FD /* Products */ = {
			isa = PBXGroup;
			children = (
				13692F9D24B4C38800AAF1FD /* l4 War Card Game.app */,
			);
			name = Products;
			sourceTree = "<group>";
		};
		13692F9F24B4C38800AAF1FD /* l4 War Card Game */ = {
			isa = PBXGroup;
			children = (
				13692FA024B4C38800AAF1FD /* AppDelegate.swift */,
				13692FA224B4C38800AAF1FD /* SceneDelegate.swift */,
				13692FA424B4C38800AAF1FD /* ViewController.swift */,
				13692FA624B4C38800AAF1FD /* Main.storyboard */,
				13692FA924B4C38900AAF1FD /* Assets.xcassets */,
				13692FAB24B4C38900AAF1FD /* LaunchScreen.storyboard */,
				13692FAE24B4C38900AAF1FD /* Info.plist */,
			);
			path = "l4 War Card Game";
			sourceTree = "<group>";
		};
/* End PBXGroup section */

/* Begin PBXNativeTarget section */
		13692F9C24B4C38800AAF1FD /* l4 War Card Game */ = {
			isa = PBXNativeTarget;
			buildConfigurationList = 13692FB124B4C38900AAF1FD /* Build configuration list for PBXNativeTarget "l4 War Card Game" */;
			buildPhases = (
				13692F9924B4C38800AAF1FD /* Sources */,
				13692F9A24B4C38800AAF1FD /* Frameworks */,
				13692F9B24B4C38800AAF1FD /* Resources */,
			);
			buildRules = (
			);
			dependencies = (
			);
			name = "l4 War Card Game";
			productName = "l4 War Card Game";
			productReference = 13692F9D24B4C38800AAF1FD /* l4 War Card Game.app */;
			productType = "com.apple.product-type.application";
		};
/* End PBXNativeTarget section */

/* Begin PBXProject section */
		13692F9524B4C38800AAF1FD /* Project object */ = {
			isa = PBXProject;
			attributes = {
				LastSwiftUpdateCheck = 1150;
				LastUpgradeCheck = 1150;
				ORGANIZATIONNAME = "James Bungay";
				TargetAttributes = {
					13692F9C24B4C38800AAF1FD = {
						CreatedOnToolsVersion = 11.5;
					};
				};
			};
			buildConfigurationList = 13692F9824B4C38800AAF1FD /* Build configuration list for PBXProject "l4 War Card Game" */;
			compatibilityVersion = "Xcode 9.3";
			developmentRegion = en;
			hasScannedForEncodings = 0;
			knownRegions = (
				en,
				Base,
			);
			mainGroup = 13692F9424B4C38800AAF1FD;
			productRefGroup = 13692F9E24B4C38800AAF1FD /* Products */;
			projectDirPath = "";
			projectRoot = "";
			targets = (
				13692F9C24B4C38800AAF1FD /* l4 War Card Game */,
			);
		};
/* End PBXProject section */

/* Begin PBXResourcesBuildPhase section */
		13692F9B24B4C38800AAF1FD /* Resources */ = {
			isa = PBXResourcesBuildPhase;
			buildActionMask = 2147483647;
			files = (
				13692FAD24B4C38900AAF1FD /* LaunchScreen.storyboard in Resources */,
				13692FAA24B4C38900AAF1FD /* Assets.xcassets in Resources */,
				13692FA824B4C38800AAF1FD /* Main.storyboard in Resources */,
			);
			runOnlyForDeploymentPostprocessing = 0;
		};
/* End PBXResourcesBuildPhase section */

/* Begin PBXSourcesBuildPhase section */
		13692F9924B4C38800AAF1FD /* Sources */ = {
			isa = PBXSourcesBuildPhase;
			buildActionMask = 2147483647;
			files = (
				13692FA524B4C38800AAF1FD /* ViewController.swift in Sources */,
				13692FA124B4C38800AAF1FD /* AppDelegate.swift in Sources */,
				13692FA324B4C38800AAF1FD /* SceneDelegate.swift in Sources */,
			);
			runOnlyForDeploymentPostprocessing = 0;
		};
/* End PBXSourcesBuildPhase section */

/* Begin PBXVariantGroup section */
		13692FA624B4C38800AAF1FD /* Main.storyboard */ = {
			isa = PBXVariantGroup;
			children = (
				13692FA724B4C38800AAF1FD /* Base */,
			);
			name = Main.storyboard;
			sourceTree = "<group>";
		};
		13692FAB24B4C38900AAF1FD /* LaunchScreen.storyboard */ = {
			isa = PBXVariantGroup;
			children = (
				13692FAC24B4C38900AAF1FD /* Base */,
			);
			name = LaunchScreen.storyboard;
			sourceTree = "<group>";
		};
/* End PBXVariantGroup section */

/* Begin XCBuildConfiguration section */
		13692FAF24B4C38900AAF1FD /* Debug */ = {
			isa = XCBuildConfiguration;
			buildSettings = {
				ALWAYS_SEARCH_USER_PATHS = NO;
				CLANG_ANALYZER_NONNULL = YES;
				CLANG_ANALYZER_NUMBER_OBJECT_CONVERSION = YES_AGGRESSIVE;
				CLANG_CXX_LANGUAGE_STANDARD = "gnu++14";
				CLANG_CXX_LIBRARY = "libc++";
				CLANG_ENABLE_MODULES = YES;
				CLANG_ENABLE_OBJC_ARC = YES;
				CLANG_ENABLE_OBJC_WEAK = YES;
				CLANG_WARN_BLOCK_CAPTURE_AUTORELEASING = YES;
				CLANG_WARN_BOOL_CONVERSION = YES;
				CLANG_WARN_COMMA = YES;
				CLANG_WARN_CONSTANT_CONVERSION = YES;
				CLANG_WARN_DEPRECATED_OBJC_IMPLEMENTATIONS = YES;
				CLANG_WARN_DIRECT_OBJC_ISA_USAGE = YES_ERROR;
				CLANG_WARN_DOCUMENTATION_COMMENTS = YES;
				CLANG_WARN_EMPTY_BODY = YES;
				CLANG_WARN_ENUM_CONVERSION = YES;
				CLANG_WARN_INFINITE_RECURSION = YES;
				CLANG_WARN_INT_CONVERSION = YES;
				CLANG_WARN_NON_LITERAL_NULL_CONVERSION = YES;
				CLANG_WARN_OBJC_IMPLICIT_RETAIN_SELF = YES;
				CLANG_WARN_OBJC_LITERAL_CONVERSION = YES;
				CLANG_WARN_OBJC_ROOT_CLASS = YES_ERROR;
				CLANG_WARN_RANGE_LOOP_ANALYSIS = YES;
				CLANG_WARN_STRICT_PROTOTYPES = YES;
				CLANG_WARN_SUSPICIOUS_MOVE = YES;
				CLANG_WARN_UNGUARDED_AVAILABILITY = YES_AGGRESSIVE;
				CLANG_WARN_UNREACHABLE_CODE = YES;
				CLANG_WARN__DUPLICATE_METHOD_MATCH = YES;
				COPY_PHASE_STRIP = NO;
				DEBUG_INFORMATION_FORMAT = dwarf;
				ENABLE_STRICT_OBJC_MSGSEND = YES;
				ENABLE_TESTABILITY = YES;
				GCC_C_LANGUAGE_STANDARD = gnu11;
				GCC_DYNAMIC_NO_PIC = NO;
				GCC_NO_COMMON_BLOCKS = YES;
				GCC_OPTIMIZATION_LEVEL = 0;
				GCC_PREPROCESSOR_DEFINITIONS = (
					"DEBUG=1",
					"$(inherited)",
				);
				GCC_WARN_64_TO_32_BIT_CONVERSION = YES;
				GCC_WARN_ABOUT_RETURN_TYPE = YES_ERROR;
				GCC_WARN_UNDECLARED_SELECTOR = YES;
				GCC_WARN_UNINITIALIZED_AUTOS = YES_AGGRESSIVE;
				GCC_WARN_UNUSED_FUNCTION = YES;
				GCC_WARN_UNUSED_VARIABLE = YES;
				IPHONEOS_DEPLOYMENT_TARGET = 13.5;
				MTL_ENABLE_DEBUG_INFO = INCLUDE_SOURCE;
				MTL_FAST_MATH = YES;
				ONLY_ACTIVE_ARCH = YES;
				SDKROOT = iphoneos;
				SWIFT_ACTIVE_COMPILATION_CONDITIONS = DEBUG;
				SWIFT_OPTIMIZATION_LEVEL = "-Onone";
			};
			name = Debug;
		};
		13692FB024B4C38900AAF1FD /* Release */ = {
			isa = XCBuildConfiguration;
			buildSettings = {
				ALWAYS_SEARCH_USER_PATHS = NO;
				CLANG_ANALYZER_NONNULL = YES;
				CLANG_ANALYZER_NUMBER_OBJECT_CONVERSION = YES_AGGRESSIVE;
				CLANG_CXX_LANGUAGE_STANDARD = "gnu++14";
				CLANG_CXX_LIBRARY = "libc++";
				CLANG_ENABLE_MODULES = YES;
				CLANG_ENABLE_OBJC_ARC = YES;
				CLANG_ENABLE_OBJC_WEAK = YES;
				CLANG_WARN_BLOCK_CAPTURE_AUTORELEASING = YES;
				CLANG_WARN_BOOL_CONVERSION = YES;
				CLANG_WARN_COMMA = YES;
				CLANG_WARN_CONSTANT_CONVERSION = YES;
				CLANG_WARN_DEPRECATED_OBJC_IMPLEMENTATIONS = YES;
				CLANG_WARN_DIRECT_OBJC_ISA_USAGE = YES_ERROR;
				CLANG_WARN_DOCUMENTATION_COMMENTS = YES;
				CLANG_WARN_EMPTY_BODY = YES;
				CLANG_WARN_ENUM_CONVERSION = YES;
				CLANG_WARN_INFINITE_RECURSION = YES;
				CLANG_WARN_INT_CONVERSION = YES;
				CLANG_WARN_NON_LITERAL_NULL_CONVERSION = YES;
				CLANG_WARN_OBJC_IMPLICIT_RETAIN_SELF = YES;
				CLANG_WARN_OBJC_LITERAL_CONVERSION = YES;
				CLANG_WARN_OBJC_ROOT_CLASS = YES_ERROR;
				CLANG_WARN_RANGE_LOOP_ANALYSIS = YES;
				CLANG_WARN_STRICT_PROTOTYPES = YES;
				CLANG_WARN_SUSPICIOUS_MOVE = YES;
				CLANG_WARN_UNGUARDED_AVAILABILITY = YES_AGGRESSIVE;
				CLANG_WARN_UNREACHABLE_CODE = YES;
				CLANG_WARN__DUPLICATE_METHOD_MATCH = YES;
				COPY_PHASE_STRIP = NO;
				DEBUG_INFORMATION_FORMAT = "dwarf-with-dsym";
				ENABLE_NS_ASSERTIONS = NO;
				ENABLE_STRICT_OBJC_MSGSEND = YES;
				GCC_C_LANGUAGE_STANDARD = gnu11;
				GCC_NO_COMMON_BLOCKS = YES;
				GCC_WARN_64_TO_32_BIT_CONVERSION = YES;
				GCC_WARN_ABOUT_RETURN_TYPE = YES_ERROR;
				GCC_WARN_UNDECLARED_SELECTOR = YES;
				GCC_WARN_UNINITIALIZED_AUTOS = YES_AGGRESSIVE;
				GCC_WARN_UNUSED_FUNCTION = YES;
				GCC_WARN_UNUSED_VARIABLE = YES;
				IPHONEOS_DEPLOYMENT_TARGET = 13.5;
				MTL_ENABLE_DEBUG_INFO = NO;
				MTL_FAST_MATH = YES;
				SDKROOT = iphoneos;
				SWIFT_COMPILATION_MODE = wholemodule;
				SWIFT_OPTIMIZATION_LEVEL = "-O";
				VALIDATE_PRODUCT = YES;
			};
			name = Release;
		};
		13692FB224B4C38900AAF1FD /* Debug */ = {
			isa = XCBuildConfiguration;
			buildSettings = {
				ASSETCATALOG_COMPILER_APPICON_NAME = AppIcon;
				CODE_SIGN_STYLE = Automatic;
				DEVELOPMENT_TEAM = 296TCY3F27;
				INFOPLIST_FILE = "l4 War Card Game/Info.plist";
				IPHONEOS_DEPLOYMENT_TARGET = 13.0;
				LD_RUNPATH_SEARCH_PATHS = (
					"$(inherited)",
					"@executable_path/Frameworks",
				);
				PRODUCT_BUNDLE_IDENTIFIER = "com.jamesbungay.l4-War-Card-Game";
				PRODUCT_NAME = "$(TARGET_NAME)";
				SWIFT_VERSION = 5.0;
				TARGETED_DEVICE_FAMILY = "1,2";
			};
			name = Debug;
		};
		13692FB324B4C38900AAF1FD /* Release */ = {
			isa = XCBuildConfiguration;
			buildSettings = {
				ASSETCATALOG_COMPILER_APPICON_NAME = AppIcon;
				CODE_SIGN_STYLE = Automatic;
				DEVELOPMENT_TEAM = 296TCY3F27;
				INFOPLIST_FILE = "l4 War Card Game/Info.plist";
				IPHONEOS_DEPLOYMENT_TARGET = 13.0;
				LD_RUNPATH_SEARCH_PATHS = (
					"$(inherited)",
					"@executable_path/Frameworks",
				);
				PRODUCT_BUNDLE_IDENTIFIER = "com.jamesbungay.l4-War-Card-Game";
				PRODUCT_NAME = "$(TARGET_NAME)";
				SWIFT_VERSION = 5.0;
				TARGETED_DEVICE_FAMILY = "1,2";
			};
			name = Release;
		};
/* End XCBuildConfiguration section */

/* Begin XCConfigurationList section */
		13692F9824B4C38800AAF1FD /* Build configuration list for PBXProject "l4 War Card Game" */ = {
			isa = XCConfigurationList;
			buildConfigurations = (
				13692FAF24B4C38900AAF1FD /* Debug */,
				13692FB024B4C38900AAF1FD /* Release */,
			);
			defaultConfigurationIsVisible = 0;
			defaultConfigurationName = Release;
		};
		13692FB124B4C38900AAF1FD /* Build configuration list for PBXNativeTarget "l4 War Card Game" */ = {
			isa = XCConfigurationList;
			buildConfigurations = (
				13692FB224B4C38900AAF1FD /* Debug */,
				13692FB324B4C38900AAF1FD /* Release */,
			);
			defaultConfigurationIsVisible = 0;
			defaultConfigurationName = Release;
		};
/* End XCConfigurationList section */
	};
	rootObject = 13692F9524B4C38800AAF1FD /* Project object */;
}
